
Microsoft Visual Studio Solution File, Format Version 12.00
# Visual Studio 15
VisualStudioVersion = 15.0.27130.2036
MinimumVisualStudioVersion = 10.0.40219.1
Project("{FAE04EC0-301F-11D3-BF4B-00C04F79EFBC}") = "FileDownloader", "FileDownloader\FileDownloader.csproj", "{21F54530-F59A-40A8-B35F-C6CE68430903}"
EndProject
Global
	GlobalSection(SolutionConfigurationPlatforms) = preSolution
		Debug|Any CPU = Debug|Any CPU
		Release|Any CPU = Release|Any CPU
	EndGlobalSection
	GlobalSection(ProjectConfigurationPlatforms) = postSolution
		{21F54530-F59A-40A8-B35F-C6CE68430903}.Debug|Any CPU.ActiveCfg = Debug|Any CPU
		{21F54530-F59A-40A8-B35F-C6CE68430903}.Debug|Any CPU.Build.0 = Debug|Any CPU
		{21F54530-F59A-40A8-B35F-C6CE68430903}.Release|Any CPU.ActiveCfg = Release|Any CPU
		{21F54530-F59A-40A8-B35F-C6CE68430903}.Release|Any CPU.Build.0 = Release|Any CPU
	EndGlobalSection
	GlobalSection(SolutionProperties) = preSolution
		HideSolutionNode = FALSE
	EndGlobalSection
	GlobalSection(ExtensibilityGlobals) = postSolution
		SolutionGuid = {7CC4E5B8-C7B0-447F-B0F9-9E4C7ADB9D17}
	EndGlobalSection
EndGlobal
